
Microsoft Visual Studio Solution File, Format Version 12.00
# Visual Studio Version 17
VisualStudioVersion = 17.13.35828.75 d17.13
MinimumVisualStudioVersion = 10.0.40219.1
Project("{FAE04EC0-301F-11D3-BF4B-00C04F79EFBC}") = "Dappi.SourceGenerator", "Dappi.SourceGenerator\Dappi.SourceGenerator.csproj", "{4DEE0921-8078-40ED-A7E2-075760876D66}"
EndProject
Project("{FAE04EC0-301F-11D3-BF4B-00C04F79EFBC}") = "Dappi.HeadlessCms", "Dappi.HeadlessCms\Dappi.HeadlessCms.csproj", "{ADC72F56-12A4-4417-9C21-BFBCBAE2DD27}"
EndProject
Project("{FAE04EC0-301F-11D3-BF4B-00C04F79EFBC}") = "Dappi.Cli", "Dappi.Cli\Dappi.Cli.csproj", "{096336C7-0B81-4879-8808-59EA94F4E4E2}"
EndProject
Project("{2150E333-8FDC-42A3-9474-1A3956D46DE8}") = "Solution Items", "Solution Items", "{02EA681E-C7D8-13C7-8484-4AC65E1B71E8}"
	ProjectSection(SolutionItems) = preProject
		.editorconfig = .editorconfig
	EndProjectSection
EndProject
Global
	GlobalSection(SolutionConfigurationPlatforms) = preSolution
		Debug|Any CPU = Debug|Any CPU
		Release|Any CPU = Release|Any CPU
	EndGlobalSection
	GlobalSection(ProjectConfigurationPlatforms) = postSolution
		{4DEE0921-8078-40ED-A7E2-075760876D66}.Debug|Any CPU.ActiveCfg = Debug|Any CPU
		{4DEE0921-8078-40ED-A7E2-075760876D66}.Debug|Any CPU.Build.0 = Debug|Any CPU
		{4DEE0921-8078-40ED-A7E2-075760876D66}.Release|Any CPU.ActiveCfg = Release|Any CPU
		{4DEE0921-8078-40ED-A7E2-075760876D66}.Release|Any CPU.Build.0 = Release|Any CPU
		{ADC72F56-12A4-4417-9C21-BFBCBAE2DD27}.Debug|Any CPU.ActiveCfg = Debug|Any CPU
		{ADC72F56-12A4-4417-9C21-BFBCBAE2DD27}.Debug|Any CPU.Build.0 = Debug|Any CPU
		{ADC72F56-12A4-4417-9C21-BFBCBAE2DD27}.Release|Any CPU.ActiveCfg = Release|Any CPU
		{ADC72F56-12A4-4417-9C21-BFBCBAE2DD27}.Release|Any CPU.Build.0 = Release|Any CPU
		{096336C7-0B81-4879-8808-59EA94F4E4E2}.Debug|Any CPU.ActiveCfg = Debug|Any CPU
		{096336C7-0B81-4879-8808-59EA94F4E4E2}.Debug|Any CPU.Build.0 = Debug|Any CPU
		{096336C7-0B81-4879-8808-59EA94F4E4E2}.Release|Any CPU.ActiveCfg = Release|Any CPU
		{096336C7-0B81-4879-8808-59EA94F4E4E2}.Release|Any CPU.Build.0 = Release|Any CPU
	EndGlobalSection
	GlobalSection(SolutionProperties) = preSolution
		HideSolutionNode = FALSE
	EndGlobalSection
	GlobalSection(ExtensibilityGlobals) = postSolution
		SolutionGuid = {A870D599-B9FE-4B37-9B9B-17884C0B72EF}
	EndGlobalSection
EndGlobal
