Microsoft Visual Studio Solution File, Format Version 12.00
# Visual Studio Version 17
VisualStudioVersion = 17.5.2.0
MinimumVisualStudioVersion = 10.0.40219.1
Project("{FAE04EC0-301F-11D3-BF4B-00C04F79EFBC}") = "CCApi.WebApiExample", "CCApi.WebApiExample.csproj", "{EA62A489-3AE1-C78A-12BC-7FB774389F16}"
EndProject
Global
	GlobalSection(SolutionConfigurationPlatforms) = preSolution
		Debug|Any CPU = Debug|Any CPU
		Release|Any CPU = Release|Any CPU
	EndGlobalSection
	GlobalSection(ProjectConfigurationPlatforms) = postSolution
		{EA62A489-3AE1-C78A-12BC-7FB774389F16}.Debug|Any CPU.ActiveCfg = Debug|Any CPU
		{EA62A489-3AE1-C78A-12BC-7FB774389F16}.Debug|Any CPU.Build.0 = Debug|Any CPU
		{EA62A489-3AE1-C78A-12BC-7FB774389F16}.Release|Any CPU.ActiveCfg = Release|Any CPU
		{EA62A489-3AE1-C78A-12BC-7FB774389F16}.Release|Any CPU.Build.0 = Release|Any CPU
	EndGlobalSection
	GlobalSection(SolutionProperties) = preSolution
		HideSolutionNode = FALSE
	EndGlobalSection
	GlobalSection(ExtensibilityGlobals) = postSolution
		SolutionGuid = {FBCB7CB5-CEAD-4BE0-8525-A26B5CBB6348}
	EndGlobalSection
EndGlobal
