
Microsoft Visual Studio Solution File, Format Version 12.00
# Visual Studio Version 17
VisualStudioVersion = 17.0.31903.59
MinimumVisualStudioVersion = 10.0.40219.1
Project("{FAE04EC0-301F-11D3-BF4B-00C04F79EFBC}") = "MyCompany.MyProject.WebApi", "MyCompany.MyProject.WebApi\MyCompany.MyProject.WebApi.csproj", "{302F2463-044B-4C5E-8E52-205E8828E386}"
EndProject
Project("{FAE04EC0-301F-11D3-BF4B-00C04F79EFBC}") = "Dappi.HeadlessCms", "..\Dappi.HeadlessCms\Dappi.HeadlessCms.csproj", "{B17AF3E9-A901-4FDC-9C01-DD8A28A3AF8B}"
EndProject
Project("{FAE04EC0-301F-11D3-BF4B-00C04F79EFBC}") = "Dappi.SourceGenerator", "..\Dappi.SourceGenerator\Dappi.SourceGenerator.csproj", "{39F59607-D583-4EE4-A23A-F30DB21FB63C}"
EndProject
Project("{FAE04EC0-301F-11D3-BF4B-00C04F79EFBC}") = "Dappi.Tests", "..\Dappi.Tests\Dappi.Tests.csproj", "{04418E5A-04EA-42E5-A1A8-A214D58D8786}"
EndProject
Global
	GlobalSection(SolutionConfigurationPlatforms) = preSolution
		Debug|Any CPU = Debug|Any CPU
		Debug|x64 = Debug|x64
		Debug|x86 = Debug|x86
		Release|Any CPU = Release|Any CPU
		Release|x64 = Release|x64
		Release|x86 = Release|x86
	EndGlobalSection
	GlobalSection(ProjectConfigurationPlatforms) = postSolution
		{302F2463-044B-4C5E-8E52-205E8828E386}.Debug|Any CPU.ActiveCfg = Debug|Any CPU
		{302F2463-044B-4C5E-8E52-205E8828E386}.Debug|Any CPU.Build.0 = Debug|Any CPU
		{302F2463-044B-4C5E-8E52-205E8828E386}.Debug|x64.ActiveCfg = Debug|Any CPU
		{302F2463-044B-4C5E-8E52-205E8828E386}.Debug|x64.Build.0 = Debug|Any CPU
		{302F2463-044B-4C5E-8E52-205E8828E386}.Debug|x86.ActiveCfg = Debug|Any CPU
		{302F2463-044B-4C5E-8E52-205E8828E386}.Debug|x86.Build.0 = Debug|Any CPU
		{302F2463-044B-4C5E-8E52-205E8828E386}.Release|Any CPU.ActiveCfg = Release|Any CPU
		{302F2463-044B-4C5E-8E52-205E8828E386}.Release|Any CPU.Build.0 = Release|Any CPU
		{302F2463-044B-4C5E-8E52-205E8828E386}.Release|x64.ActiveCfg = Release|Any CPU
		{302F2463-044B-4C5E-8E52-205E8828E386}.Release|x64.Build.0 = Release|Any CPU
		{302F2463-044B-4C5E-8E52-205E8828E386}.Release|x86.ActiveCfg = Release|Any CPU
		{302F2463-044B-4C5E-8E52-205E8828E386}.Release|x86.Build.0 = Release|Any CPU
		{B17AF3E9-A901-4FDC-9C01-DD8A28A3AF8B}.Debug|Any CPU.ActiveCfg = Debug|Any CPU
		{B17AF3E9-A901-4FDC-9C01-DD8A28A3AF8B}.Debug|Any CPU.Build.0 = Debug|Any CPU
		{B17AF3E9-A901-4FDC-9C01-DD8A28A3AF8B}.Debug|x64.ActiveCfg = Debug|Any CPU
		{B17AF3E9-A901-4FDC-9C01-DD8A28A3AF8B}.Debug|x64.Build.0 = Debug|Any CPU
		{B17AF3E9-A901-4FDC-9C01-DD8A28A3AF8B}.Debug|x86.ActiveCfg = Debug|Any CPU
		{B17AF3E9-A901-4FDC-9C01-DD8A28A3AF8B}.Debug|x86.Build.0 = Debug|Any CPU
		{B17AF3E9-A901-4FDC-9C01-DD8A28A3AF8B}.Release|Any CPU.ActiveCfg = Release|Any CPU
		{B17AF3E9-A901-4FDC-9C01-DD8A28A3AF8B}.Release|Any CPU.Build.0 = Release|Any CPU
		{B17AF3E9-A901-4FDC-9C01-DD8A28A3AF8B}.Release|x64.ActiveCfg = Release|Any CPU
		{B17AF3E9-A901-4FDC-9C01-DD8A28A3AF8B}.Release|x64.Build.0 = Release|Any CPU
		{B17AF3E9-A901-4FDC-9C01-DD8A28A3AF8B}.Release|x86.ActiveCfg = Release|Any CPU
		{B17AF3E9-A901-4FDC-9C01-DD8A28A3AF8B}.Release|x86.Build.0 = Release|Any CPU
		{39F59607-D583-4EE4-A23A-F30DB21FB63C}.Debug|Any CPU.ActiveCfg = Debug|Any CPU
		{39F59607-D583-4EE4-A23A-F30DB21FB63C}.Debug|Any CPU.Build.0 = Debug|Any CPU
		{39F59607-D583-4EE4-A23A-F30DB21FB63C}.Debug|x64.ActiveCfg = Debug|Any CPU
		{39F59607-D583-4EE4-A23A-F30DB21FB63C}.Debug|x64.Build.0 = Debug|Any CPU
		{39F59607-D583-4EE4-A23A-F30DB21FB63C}.Debug|x86.ActiveCfg = Debug|Any CPU
		{39F59607-D583-4EE4-A23A-F30DB21FB63C}.Debug|x86.Build.0 = Debug|Any CPU
		{39F59607-D583-4EE4-A23A-F30DB21FB63C}.Release|Any CPU.ActiveCfg = Release|Any CPU
		{39F59607-D583-4EE4-A23A-F30DB21FB63C}.Release|Any CPU.Build.0 = Release|Any CPU
		{39F59607-D583-4EE4-A23A-F30DB21FB63C}.Release|x64.ActiveCfg = Release|Any CPU
		{39F59607-D583-4EE4-A23A-F30DB21FB63C}.Release|x64.Build.0 = Release|Any CPU
		{39F59607-D583-4EE4-A23A-F30DB21FB63C}.Release|x86.ActiveCfg = Release|Any CPU
		{39F59607-D583-4EE4-A23A-F30DB21FB63C}.Release|x86.Build.0 = Release|Any CPU
		{04418E5A-04EA-42E5-A1A8-A214D58D8786}.Debug|Any CPU.ActiveCfg = Debug|Any CPU
		{04418E5A-04EA-42E5-A1A8-A214D58D8786}.Debug|Any CPU.Build.0 = Debug|Any CPU
		{04418E5A-04EA-42E5-A1A8-A214D58D8786}.Debug|x64.ActiveCfg = Debug|Any CPU
		{04418E5A-04EA-42E5-A1A8-A214D58D8786}.Debug|x64.Build.0 = Debug|Any CPU
		{04418E5A-04EA-42E5-A1A8-A214D58D8786}.Debug|x86.ActiveCfg = Debug|Any CPU
		{04418E5A-04EA-42E5-A1A8-A214D58D8786}.Debug|x86.Build.0 = Debug|Any CPU
		{04418E5A-04EA-42E5-A1A8-A214D58D8786}.Release|Any CPU.ActiveCfg = Release|Any CPU
		{04418E5A-04EA-42E5-A1A8-A214D58D8786}.Release|Any CPU.Build.0 = Release|Any CPU
		{04418E5A-04EA-42E5-A1A8-A214D58D8786}.Release|x64.ActiveCfg = Release|Any CPU
		{04418E5A-04EA-42E5-A1A8-A214D58D8786}.Release|x64.Build.0 = Release|Any CPU
		{04418E5A-04EA-42E5-A1A8-A214D58D8786}.Release|x86.ActiveCfg = Release|Any CPU
		{04418E5A-04EA-42E5-A1A8-A214D58D8786}.Release|x86.Build.0 = Release|Any CPU
	EndGlobalSection
	GlobalSection(SolutionProperties) = preSolution
		HideSolutionNode = FALSE
	EndGlobalSection
EndGlobal
